<?xml version="1.0" encoding="utf-8"?>
<Project ToolsVersion="4.0" xmlns="http://schemas.microsoft.com/developer/msbuild/2003">
  <ItemGroup>
    <Filter Include="RenderSystem">
      <UniqueIdentifier>{28f0ab69-13d6-463a-ae06-47951c54bf37}</UniqueIdentifier>
    </Filter>
    <Filter Include="GameSystem">
      <UniqueIdentifier>{cfab8778-615a-428a-abf6-4cc03fb18aa5}</UniqueIdentifier>
    </Filter>
    <Filter Include="GameSystem\CommonUtil">
      <UniqueIdentifier>{777160e5-81a7-4b43-a54a-b6cc3190bdf0}</UniqueIdentifier>
    </Filter>
    <Filter Include="GameSystem\MainGame">
      <UniqueIdentifier>{6a46336b-e63e-466b-b5f2-3396b7ac1430}</UniqueIdentifier>
    </Filter>
    <Filter Include="GameSystem\CommonUtil\Timer">
      <UniqueIdentifier>{3001983f-1e4a-4e66-9e13-901073809b4b}</UniqueIdentifier>
    </Filter>
    <Filter Include="GameSystem\EntityFeature">
      <UniqueIdentifier>{4df2f1d4-be98-4ec8-90e7-9fc45b68fcc7}</UniqueIdentifier>
    </Filter>
    <Filter Include="GameSystem\Camera">
      <UniqueIdentifier>{3ca6a907-afd0-462c-94ca-fdcb2c80cf1a}</UniqueIdentifier>
    </Filter>
    <Filter Include="GameSystem\CommonUtil\Input">
      <UniqueIdentifier>{ee41cd2c-c2a8-4314-8be6-36e0ea2773c2}</UniqueIdentifier>
    </Filter>
    <Filter Include="GameSystem\CommonUtil\MeshLoader">
      <UniqueIdentifier>{326117a4-2b8a-4e8c-8854-666a9bb8f35a}</UniqueIdentifier>
    </Filter>
    <Filter Include="GameSystem\CommonUtil\BoundingVolume">
      <UniqueIdentifier>{5ee82f22-790d-4aeb-a37a-753fe02dae4e}</UniqueIdentifier>
    </Filter>
    <Filter Include="GameSystem\CommonUtil\MeshRender">
      <UniqueIdentifier>{933933b2-21a1-45e3-a3b5-3673dfe224b2}</UniqueIdentifier>
    </Filter>
    <Filter Include="RenderSystem\RenderPipeLine">
      <UniqueIdentifier>{90dc97f5-f310-4963-9cf3-39ae89335682}</UniqueIdentifier>
    </Filter>
    <Filter Include="RenderSystem\RenderUtil">
      <UniqueIdentifier>{9daf2681-9bd4-4ce1-8885-6b7b916e9335}</UniqueIdentifier>
    </Filter>
    <Filter Include="System">
      <UniqueIdentifier>{555e9110-7104-4a46-8fbe-fe8f7edac3ff}</UniqueIdentifier>
    </Filter>
    <Filter Include="GameSystem\CommonUtil\EffectLoader">
      <UniqueIdentifier>{273db008-eeae-43f7-a191-0fd767177315}</UniqueIdentifier>
    </Filter>
    <Filter Include="GaneScene">
      <UniqueIdentifier>{7f86a179-0873-4d7c-8d8d-b44890e9325c}</UniqueIdentifier>
    </Filter>
    <Filter Include="GaneScene\BaseScene">
      <UniqueIdentifier>{cd95ccbe-e475-4cb8-bb4e-edb0a9b6f989}</UniqueIdentifier>
    </Filter>
    <Filter Include="GameSystem\Light">
      <UniqueIdentifier>{5377fa5d-c848-457b-ae32-dd7c95997279}</UniqueIdentifier>
    </Filter>
    <Filter Include="GameSystem\Transform">
      <UniqueIdentifier>{d6b0aa79-75a8-4d1d-9f07-e038141ccc31}</UniqueIdentifier>
    </Filter>
    <Filter Include="Takarazuka">
      <UniqueIdentifier>{30caa44d-58c6-4582-8bbc-32e30d5a5467}</UniqueIdentifier>
    </Filter>
  </ItemGroup>
  <ItemGroup>
    <ClInclude Include="DrawSkyBox.h" />
    <ClInclude Include="GameSystem\Camera\Camera.h">
      <Filter>GameSystem\Camera</Filter>
    </ClInclude>
    <ClInclude Include="GameSystem\CommonUtil\Timer\GlobalTimer.h">
      <Filter>GameSystem\CommonUtil\Timer</Filter>
    </ClInclude>
    <ClInclude Include="GameSystem\CommonUtil\GlobalHeader.h">
      <Filter>GameSystem\CommonUtil</Filter>
    </ClInclude>
    <ClInclude Include="GameSystem\CommonUtil\Singleton.h">
      <Filter>GameSystem\CommonUtil</Filter>
    </ClInclude>
    <ClInclude Include="GameSystem\EntityFeature\Entity.h">
      <Filter>GameSystem\EntityFeature</Filter>
    </ClInclude>
    <ClInclude Include="GameSystem\EntityFeature\EntityManager.h">
      <Filter>GameSystem\EntityFeature</Filter>
    </ClInclude>
    <ClInclude Include="GameSystem\MainGame\MainGame.h">
      <Filter>GameSystem\MainGame</Filter>
    </ClInclude>
    <ClInclude Include="RenderSystem\D3D9Device.h">
      <Filter>RenderSystem</Filter>
    </ClInclude>
    <ClInclude Include="GameSystem\CommonUtil\Input\Input.h">
      <Filter>GameSystem\CommonUtil\Input</Filter>
    </ClInclude>
    <ClInclude Include="GameSystem\CommonUtil\MeshLoader\MeshLoader.h">
      <Filter>GameSystem\CommonUtil\MeshLoader</Filter>
    </ClInclude>
    <ClInclude Include="GameSystem\CommonUtil\D3D9Header.h">
      <Filter>GameSystem\CommonUtil</Filter>
    </ClInclude>
    <ClInclude Include="GameSystem\CommonUtil\BoundingVolume\BoundingVolume.h">
      <Filter>GameSystem\CommonUtil\BoundingVolume</Filter>
    </ClInclude>
    <ClInclude Include="GameSystem\CommonUtil\BoundingVolume\BoundingBox.h">
      <Filter>GameSystem\CommonUtil\BoundingVolume</Filter>
    </ClInclude>
    <ClInclude Include="GameSystem\CommonUtil\BoundingVolume\BoundingSphere.h">
      <Filter>GameSystem\CommonUtil\BoundingVolume</Filter>
    </ClInclude>
    <ClInclude Include="GameSystem\CommonUtil\MeshRender\MeshRender.h">
      <Filter>GameSystem\CommonUtil\MeshRender</Filter>
    </ClInclude>
    <ClInclude Include="RenderSystem\RenderPipeLine\RenderPipe.h">
      <Filter>RenderSystem\RenderPipeLine</Filter>
    </ClInclude>
    <ClInclude Include="RenderSystem\RenderUtil\RenderUtil.h">
      <Filter>RenderSystem\RenderUtil</Filter>
    </ClInclude>
    <ClInclude Include="GameSystem\CommonUtil\EffectLoader\EffectLoader.h">
      <Filter>GameSystem\CommonUtil\EffectLoader</Filter>
    </ClInclude>
    <ClInclude Include="RenderSystem\RenderUtil\EffectParam.h">
      <Filter>RenderSystem\RenderUtil</Filter>
    </ClInclude>
    <ClInclude Include="GameSystem\Camera\CameraParam.h">
      <Filter>GameSystem\Camera</Filter>
    </ClInclude>
    <ClInclude Include="GameScene\BaseScene\BaseScene.h">
      <Filter>GaneScene\BaseScene</Filter>
    </ClInclude>
    <ClInclude Include="GameScene\BaseScene\SceneManager.h">
      <Filter>GaneScene\BaseScene</Filter>
    </ClInclude>
    <ClInclude Include="GameScene\TestScene.h">
      <Filter>GaneScene</Filter>
    </ClInclude>
    <ClInclude Include="GameSystem\Light\DirectionLight.h">
      <Filter>GameSystem\Light</Filter>
    </ClInclude>
    <ClInclude Include="GameSystem\Transform\Transform.h">
      <Filter>GameSystem\Transform</Filter>
    </ClInclude>
    <ClInclude Include="GameSystem\Light\LightManager.h">
      <Filter>GameSystem\Light</Filter>
    </ClInclude>
    <ClInclude Include="GameSystem\Light\BaseLight.h">
      <Filter>GameSystem\Light</Filter>
    </ClInclude>
    <ClInclude Include="Takarazuka\VertexManager.h">
      <Filter>Takarazuka</Filter>
    </ClInclude>
    <ClInclude Include="Takarazuka\NoteEntity.h">
      <Filter>Takarazuka</Filter>
    </ClInclude>
    <ClInclude Include="Takarazuka\NoteManager.h">
      <Filter>Takarazuka</Filter>
    </ClInclude>
    <ClInclude Include="Takarazuka\TakarazukaScene.h">
      <Filter>Takarazuka</Filter>
    </ClInclude>
  </ItemGroup>
  <ItemGroup>
    <ClCompile Include="DrawSkyBox.cpp" />
    <ClCompile Include="GameSystem\Camera\Camera.cpp">
      <Filter>GameSystem\Camera</Filter>
    </ClCompile>
    <ClCompile Include="GameSystem\CommonUtil\Timer\GlobalTimer.cpp">
      <Filter>GameSystem\CommonUtil\Timer</Filter>
    </ClCompile>
    <ClCompile Include="GameSystem\EntityFeature\Entity.cpp">
      <Filter>GameSystem\EntityFeature</Filter>
    </ClCompile>
    <ClCompile Include="GameSystem\EntityFeature\EntityManager.cpp">
      <Filter>GameSystem\EntityFeature</Filter>
    </ClCompile>
    <ClCompile Include="GameSystem\MainGame\MainGame.cpp">
      <Filter>GameSystem\MainGame</Filter>
    </ClCompile>
    <ClCompile Include="GameSystem\MainWindow.cpp">
      <Filter>GameSystem</Filter>
    </ClCompile>
    <ClCompile Include="RenderSystem\D3D9Device.cpp">
      <Filter>RenderSystem</Filter>
    </ClCompile>
    <ClCompile Include="GameSystem\CommonUtil\Input\Input.cpp">
      <Filter>GameSystem\CommonUtil\Input</Filter>
    </ClCompile>
    <ClCompile Include="GameSystem\CommonUtil\MeshLoader\MeshLoader.cpp">
      <Filter>GameSystem\CommonUtil\MeshLoader</Filter>
    </ClCompile>
    <ClCompile Include="GameSystem\CommonUtil\BoundingVolume\BoundingVolume.cpp">
      <Filter>GameSystem\CommonUtil\BoundingVolume</Filter>
    </ClCompile>
    <ClCompile Include="GameSystem\CommonUtil\BoundingVolume\BoundingBox.cpp">
      <Filter>GameSystem\CommonUtil\BoundingVolume</Filter>
    </ClCompile>
    <ClCompile Include="GameSystem\CommonUtil\BoundingVolume\BoundingSphere.cpp">
      <Filter>GameSystem\CommonUtil\BoundingVolume</Filter>
    </ClCompile>
    <ClCompile Include="GameSystem\CommonUtil\MeshRender\MeshRender.cpp">
      <Filter>GameSystem\CommonUtil\MeshRender</Filter>
    </ClCompile>
    <ClCompile Include="RenderSystem\RenderPipeLine\RenderPipe.cpp">
      <Filter>RenderSystem\RenderPipeLine</Filter>
    </ClCompile>
    <ClCompile Include="RenderSystem\RenderUtil\RenderUtil.cpp">
      <Filter>RenderSystem\RenderUtil</Filter>
    </ClCompile>
    <ClCompile Include="GameSystem\CommonUtil\EffectLoader\EffectLoader.cpp">
      <Filter>GameSystem\CommonUtil\EffectLoader</Filter>
    </ClCompile>
    <ClCompile Include="GameScene\BaseScene\BaseScene.cpp">
      <Filter>GaneScene\BaseScene</Filter>
    </ClCompile>
    <ClCompile Include="GameScene\BaseScene\SceneManager.cpp">
      <Filter>GaneScene\BaseScene</Filter>
    </ClCompile>
    <ClCompile Include="GameScene\TestScene.cpp">
      <Filter>GaneScene</Filter>
    </ClCompile>
    <ClCompile Include="GameSystem\Light\DirectionLight.cpp">
      <Filter>GameSystem\Light</Filter>
    </ClCompile>
    <ClCompile Include="GameSystem\Transform\Transform.cpp">
      <Filter>GameSystem\Transform</Filter>
    </ClCompile>
    <ClCompile Include="GameSystem\Light\LightManager.cpp">
      <Filter>GameSystem\Light</Filter>
    </ClCompile>
    <ClCompile Include="GameSystem\Light\BaseLight.cpp">
      <Filter>GameSystem\Light</Filter>
    </ClCompile>
    <ClCompile Include="Takarazuka\VertexManager.cpp">
      <Filter>Takarazuka</Filter>
    </ClCompile>
    <ClCompile Include="Takarazuka\NoteEntity.cpp">
      <Filter>Takarazuka</Filter>
    </ClCompile>
    <ClCompile Include="Takarazuka\NoteManager.cpp">
      <Filter>Takarazuka</Filter>
    </ClCompile>
    <ClCompile Include="Takarazuka\TakarazukaScene.cpp">
      <Filter>Takarazuka</Filter>
    </ClCompile>
  </ItemGroup>
  <ItemGroup>
    <FxCompile Include="System\commonDiffuse.fx">
      <Filter>System</Filter>
    </FxCompile>
    <FxCompile Include="System\BankBRDFLight.fx">
      <Filter>System</Filter>
    </FxCompile>
    <FxCompile Include="System\DeferredNormalDepth.fx">
      <Filter>System</Filter>
    </FxCompile>
    <FxCompile Include="System\DeferredDiffuse.fx">
      <Filter>System</Filter>
    </FxCompile>
    <FxCompile Include="System\DeferredRender.fx">
      <Filter>System</Filter>
    </FxCompile>
    <FxCompile Include="System\SSAO.fx">
      <Filter>System</Filter>
    </FxCompile>
  </ItemGroup>
</Project>